# This file is autogenerated, do not edit; changes may be undone by the next 'dep ensure'.


[[projects]]
  digest = "1:8be0a05ea873b97511a13547e516c42739163144242e7fad19a7c3296ea4122e"
  name = "github.com/Juniper/go-netconf"
  packages = ["netconf"]
  pruneopts = "UT"
  revision = "a2b17df81b3cb517c0f0e0498ba30b999da16868"
  version = "v0.1.1"

[[projects]]
  branch = "master"
  digest = "1:74cee4969df7595ed7c13d6316d66d9bead22573b2d4c43a794d171938e6546d"
  name = "github.com/scottdware/go-junos"
  packages = ["."]
  pruneopts = "UT"
  revision = "fbdf2e9bfcc656bdf41e2eef62cfeefe16dc3b3e"

[[projects]]
  branch = "master"
  digest = "1:34bfaa640cf3acc31def161a3457f3203781736a47ea62488ffaabc0a002062b"
  name = "github.com/scottdware/go-rested"
  packages = ["."]
  pruneopts = "UT"
  revision = "93e152ef32a6d21b8ccbfd40012db8a916c5c3cc"

[[projects]]
  branch = "master"
  digest = "1:fb9be9f54a48793b8e2b0939373b52272b8cf0699d024a062df8596a77371524"
  name = "github.com/ziutek/telnet"
  packages = ["."]
  pruneopts = "UT"
  revision = "c3b780dc415b28894076b4ec975ea3ea69e3980f"

[[projects]]
  branch = "master"
  digest = "1:a741998d8633b7f444053abdf218de3d8f66dc02f832e182b983b80f8c7ba852"
  name = "golang.org/x/crypto"
  packages = [
    "curve25519",
    "ed25519",
    "ed25519/internal/edwards25519",
    "internal/chacha20",
    "internal/subtle",
    "poly1305",
    "ssh",
    "ssh/agent",
  ]
  pruneopts = "UT"
  revision = "ff983b9c42bc9fbf91556e191cc8efb585c16908"

[solve-meta]
  analyzer-name = "dep"
  analyzer-version = 1
  input-imports = ["github.com/scottdware/go-junos"]
  solver-name = "gps-cdcl"
  solver-version = 1
